// !$*UTF8*$!
{
	archiveVersion = 1;
	classes = {
	};
	objectVersion = 46;
	objects = {

/* Begin PBXBuildFile section */
		9FC905651E21F5B800F992BD /* Family.storyboard in Resources */ = {isa = PBXBuildFile; fileRef = 9FC905621E21F5B800F992BD /* Family.storyboard */; };
		9FC905661E21F5B800F992BD /* Family.swift in Sources */ = {isa = PBXBuildFile; fileRef = 9FC905631E21F5B800F992BD /* Family.swift */; };
		9FC905671E21F5B800F992BD /* InviteTableViewController.swift in Sources */ = {isa = PBXBuildFile; fileRef = 9FC905641E21F5B800F992BD /* InviteTableViewController.swift */; };
		9FC9056A1E21F5C300F992BD /* Family.swift in Sources */ = {isa = PBXBuildFile; fileRef = 9FC905691E21F5C300F992BD /* Family.swift */; };
		9FCA923E1E21F4EA00B6CA4B /* AppDelegate.swift in Sources */ = {isa = PBXBuildFile; fileRef = 9FCA923D1E21F4EA00B6CA4B /* AppDelegate.swift */; };
		9FCA92401E21F4EA00B6CA4B /* ViewController.swift in Sources */ = {isa = PBXBuildFile; fileRef = 9FCA923F1E21F4EA00B6CA4B /* ViewController.swift */; };
		9FCA92431E21F4EA00B6CA4B /* Main.storyboard in Resources */ = {isa = PBXBuildFile; fileRef = 9FCA92411E21F4EA00B6CA4B /* Main.storyboard */; };
		9FCA92451E21F4EA00B6CA4B /* Assets.xcassets in Resources */ = {isa = PBXBuildFile; fileRef = 9FCA92441E21F4EA00B6CA4B /* Assets.xcassets */; };
		9FCA92481E21F4EA00B6CA4B /* LaunchScreen.storyboard in Resources */ = {isa = PBXBuildFile; fileRef = 9FCA92461E21F4EA00B6CA4B /* LaunchScreen.storyboard */; };
		9FCA92541E21F4F700B6CA4B /* AppDelegate.swift in Sources */ = {isa = PBXBuildFile; fileRef = 9FCA92531E21F4F700B6CA4B /* AppDelegate.swift */; };
		9FCA92561E21F4F700B6CA4B /* ViewController.swift in Sources */ = {isa = PBXBuildFile; fileRef = 9FCA92551E21F4F700B6CA4B /* ViewController.swift */; };
		9FCA92581E21F4F700B6CA4B /* Assets.xcassets in Resources */ = {isa = PBXBuildFile; fileRef = 9FCA92571E21F4F700B6CA4B /* Assets.xcassets */; };
		9FCA925B1E21F4F700B6CA4B /* Main.storyboard in Resources */ = {isa = PBXBuildFile; fileRef = 9FCA92591E21F4F700B6CA4B /* Main.storyboard */; };
/* End PBXBuildFile section */

/* Begin PBXFileReference section */
		9FC905621E21F5B800F992BD /* Family.storyboard */ = {isa = PBXFileReference; fileEncoding = 4; lastKnownFileType = file.storyboard; path = Family.storyboard; sourceTree = "<group>"; };
		9FC905631E21F5B800F992BD /* Family.swift */ = {isa = PBXFileReference; fileEncoding = 4; lastKnownFileType = sourcecode.swift; path = Family.swift; sourceTree = "<group>"; };
		9FC905641E21F5B800F992BD /* InviteTableViewController.swift */ = {isa = PBXFileReference; fileEncoding = 4; lastKnownFileType = sourcecode.swift; path = InviteTableViewController.swift; sourceTree = "<group>"; };
		9FC905691E21F5C300F992BD /* Family.swift */ = {isa = PBXFileReference; fileEncoding = 4; lastKnownFileType = sourcecode.swift; path = Family.swift; sourceTree = "<group>"; };
		9FCA923B1E21F4E900B6CA4B /* FamilyDemo-iOS.app */ = {isa = PBXFileReference; explicitFileType = wrapper.application; includeInIndex = 0; path = "FamilyDemo-iOS.app"; sourceTree = BUILT_PRODUCTS_DIR; };
		9FCA923D1E21F4EA00B6CA4B /* AppDelegate.swift */ = {isa = PBXFileReference; lastKnownFileType = sourcecode.swift; path = AppDelegate.swift; sourceTree = "<group>"; };
		9FCA923F1E21F4EA00B6CA4B /* ViewController.swift */ = {isa = PBXFileReference; lastKnownFileType = sourcecode.swift; path = ViewController.swift; sourceTree = "<group>"; };
		9FCA92421E21F4EA00B6CA4B /* Base */ = {isa = PBXFileReference; lastKnownFileType = file.storyboard; name = Base; path = Base.lproj/Main.storyboard; sourceTree = "<group>"; };
		9FCA92441E21F4EA00B6CA4B /* Assets.xcassets */ = {isa = PBXFileReference; lastKnownFileType = folder.assetcatalog; path = Assets.xcassets; sourceTree = "<group>"; };
		9FCA92471E21F4EA00B6CA4B /* Base */ = {isa = PBXFileReference; lastKnownFileType = file.storyboard; name = Base; path = Base.lproj/LaunchScreen.storyboard; sourceTree = "<group>"; };
		9FCA92491E21F4EA00B6CA4B /* Info.plist */ = {isa = PBXFileReference; lastKnownFileType = text.plist.xml; path = Info.plist; sourceTree = "<group>"; };
		9FCA92511E21F4F600B6CA4B /* FamilyDemo-Mac.app */ = {isa = PBXFileReference; explicitFileType = wrapper.application; includeInIndex = 0; path = "FamilyDemo-Mac.app"; sourceTree = BUILT_PRODUCTS_DIR; };
		9FCA92531E21F4F700B6CA4B /* AppDelegate.swift */ = {isa = PBXFileReference; lastKnownFileType = sourcecode.swift; path = AppDelegate.swift; sourceTree = "<group>"; };
		9FCA92551E21F4F700B6CA4B /* ViewController.swift */ = {isa = PBXFileReference; lastKnownFileType = sourcecode.swift; path = ViewController.swift; sourceTree = "<group>"; };
		9FCA92571E21F4F700B6CA4B /* Assets.xcassets */ = {isa = PBXFileReference; lastKnownFileType = folder.assetcatalog; path = Assets.xcassets; sourceTree = "<group>"; };
		9FCA925A1E21F4F700B6CA4B /* Base */ = {isa = PBXFileReference; lastKnownFileType = file.storyboard; name = Base; path = Base.lproj/Main.storyboard; sourceTree = "<group>"; };
		9FCA925C1E21F4F700B6CA4B /* Info.plist */ = {isa = PBXFileReference; lastKnownFileType = text.plist.xml; path = Info.plist; sourceTree = "<group>"; };
/* End PBXFileReference section */

/* Begin PBXFrameworksBuildPhase section */
		9FCA92381E21F4E900B6CA4B /* Frameworks */ = {
			isa = PBXFrameworksBuildPhase;
			buildActionMask = 2147483647;
			files = (
			);
			runOnlyForDeploymentPostprocessing = 0;
		};
		9FCA924E1E21F4F600B6CA4B /* Frameworks */ = {
			isa = PBXFrameworksBuildPhase;
			buildActionMask = 2147483647;
			files = (
			);
			runOnlyForDeploymentPostprocessing = 0;
		};
/* End PBXFrameworksBuildPhase section */

/* Begin PBXGroup section */
		9FC905611E21F5B800F992BD /* Family-iOS */ = {
			isa = PBXGroup;
			children = (
				9FC905621E21F5B800F992BD /* Family.storyboard */,
				9FC905631E21F5B800F992BD /* Family.swift */,
				9FC905641E21F5B800F992BD /* InviteTableViewController.swift */,
			);
			path = "Family-iOS";
			sourceTree = "<group>";
		};
		9FC905681E21F5C300F992BD /* Family-Mac */ = {
			isa = PBXGroup;
			children = (
				9FC905691E21F5C300F992BD /* Family.swift */,
			);
			path = "Family-Mac";
			sourceTree = "<group>";
		};
		9FCA92191E21F4DA00B6CA4B = {
			isa = PBXGroup;
			children = (
				9FCA923C1E21F4EA00B6CA4B /* FamilyDemo-iOS */,
				9FCA92521E21F4F700B6CA4B /* FamilyDemo-Mac */,
				9FCA92231E21F4DA00B6CA4B /* Products */,
			);
			sourceTree = "<group>";
		};
		9FCA92231E21F4DA00B6CA4B /* Products */ = {
			isa = PBXGroup;
			children = (
				9FCA923B1E21F4E900B6CA4B /* FamilyDemo-iOS.app */,
				9FCA92511E21F4F600B6CA4B /* FamilyDemo-Mac.app */,
			);
			name = Products;
			sourceTree = "<group>";
		};
		9FCA923C1E21F4EA00B6CA4B /* FamilyDemo-iOS */ = {
			isa = PBXGroup;
			children = (
				9FC905611E21F5B800F992BD /* Family-iOS */,
				9FCA923D1E21F4EA00B6CA4B /* AppDelegate.swift */,
				9FCA923F1E21F4EA00B6CA4B /* ViewController.swift */,
				9FCA92411E21F4EA00B6CA4B /* Main.storyboard */,
				9FCA92441E21F4EA00B6CA4B /* Assets.xcassets */,
				9FCA92461E21F4EA00B6CA4B /* LaunchScreen.storyboard */,
				9FCA92491E21F4EA00B6CA4B /* Info.plist */,
			);
			path = "FamilyDemo-iOS";
			sourceTree = "<group>";
		};
		9FCA92521E21F4F700B6CA4B /* FamilyDemo-Mac */ = {
			isa = PBXGroup;
			children = (
				9FC905681E21F5C300F992BD /* Family-Mac */,
				9FCA92531E21F4F700B6CA4B /* AppDelegate.swift */,
				9FCA92551E21F4F700B6CA4B /* ViewController.swift */,
				9FCA92571E21F4F700B6CA4B /* Assets.xcassets */,
				9FCA92591E21F4F700B6CA4B /* Main.storyboard */,
				9FCA925C1E21F4F700B6CA4B /* Info.plist */,
			);
			path = "FamilyDemo-Mac";
			sourceTree = "<group>";
		};
/* End PBXGroup section */

/* Begin PBXNativeTarget section */
		9FCA923A1E21F4E900B6CA4B /* FamilyDemo-iOS */ = {
			isa = PBXNativeTarget;
			buildConfigurationList = 9FCA924A1E21F4EA00B6CA4B /* Build configuration list for PBXNativeTarget "FamilyDemo-iOS" */;
			buildPhases = (
				9FCA92371E21F4E900B6CA4B /* Sources */,
				9FCA92381E21F4E900B6CA4B /* Frameworks */,
				9FCA92391E21F4E900B6CA4B /* Resources */,
			);
			buildRules = (
			);
			dependencies = (
			);
			name = "FamilyDemo-iOS";
			productName = "FamilyDemo-iOS";
			productReference = 9FCA923B1E21F4E900B6CA4B /* FamilyDemo-iOS.app */;
			productType = "com.apple.product-type.application";
		};
		9FCA92501E21F4F600B6CA4B /* FamilyDemo-Mac */ = {
			isa = PBXNativeTarget;
			buildConfigurationList = 9FCA925D1E21F4F700B6CA4B /* Build configuration list for PBXNativeTarget "FamilyDemo-Mac" */;
			buildPhases = (
				9FCA924D1E21F4F600B6CA4B /* Sources */,
				9FCA924E1E21F4F600B6CA4B /* Frameworks */,
				9FCA924F1E21F4F600B6CA4B /* Resources */,
			);
			buildRules = (
			);
			dependencies = (
			);
			name = "FamilyDemo-Mac";
			productName = "FamilyDemo-Mac";
			productReference = 9FCA92511E21F4F600B6CA4B /* FamilyDemo-Mac.app */;
			productType = "com.apple.product-type.application";
		};
/* End PBXNativeTarget section */

/* Begin PBXProject section */
		9FCA921A1E21F4DA00B6CA4B /* Project object */ = {
			isa = PBXProject;
			attributes = {
				LastSwiftUpdateCheck = 0820;
				LastUpgradeCheck = 0820;
				ORGANIZATIONNAME = Kiran;
				TargetAttributes = {
					9FCA923A1E21F4E900B6CA4B = {
						CreatedOnToolsVersion = 8.2.1;
						DevelopmentTeam = Y9Y96CV7VP;
						ProvisioningStyle = Automatic;
					};
					9FCA92501E21F4F600B6CA4B = {
						CreatedOnToolsVersion = 8.2.1;
						ProvisioningStyle = Automatic;
					};
				};
			};
			buildConfigurationList = 9FCA921D1E21F4DA00B6CA4B /* Build configuration list for PBXProject "FamilyDemo" */;
			compatibilityVersion = "Xcode 3.2";
			developmentRegion = English;
			hasScannedForEncodings = 0;
			knownRegions = (
				en,
				Base,
			);
			mainGroup = 9FCA92191E21F4DA00B6CA4B;
			productRefGroup = 9FCA92231E21F4DA00B6CA4B /* Products */;
			projectDirPath = "";
			projectRoot = "";
			targets = (
				9FCA923A1E21F4E900B6CA4B /* FamilyDemo-iOS */,
				9FCA92501E21F4F600B6CA4B /* FamilyDemo-Mac */,
			);
		};
/* End PBXProject section */

/* Begin PBXResourcesBuildPhase section */
		9FCA92391E21F4E900B6CA4B /* Resources */ = {
			isa = PBXResourcesBuildPhase;
			buildActionMask = 2147483647;
			files = (
				9FCA92481E21F4EA00B6CA4B /* LaunchScreen.storyboard in Resources */,
				9FCA92451E21F4EA00B6CA4B /* Assets.xcassets in Resources */,
				9FC905651E21F5B800F992BD /* Family.storyboard in Resources */,
				9FCA92431E21F4EA00B6CA4B /* Main.storyboard in Resources */,
			);
			runOnlyForDeploymentPostprocessing = 0;
		};
		9FCA924F1E21F4F600B6CA4B /* Resources */ = {
			isa = PBXResourcesBuildPhase;
			buildActionMask = 2147483647;
			files = (
				9FCA92581E21F4F700B6CA4B /* Assets.xcassets in Resources */,
				9FCA925B1E21F4F700B6CA4B /* Main.storyboard in Resources */,
			);
			runOnlyForDeploymentPostprocessing = 0;
		};
/* End PBXResourcesBuildPhase section */

/* Begin PBXSourcesBuildPhase section */
		9FCA92371E21F4E900B6CA4B /* Sources */ = {
			isa = PBXSourcesBuildPhase;
			buildActionMask = 2147483647;
			files = (
				9FC905671E21F5B800F992BD /* InviteTableViewController.swift in Sources */,
				9FCA92401E21F4EA00B6CA4B /* ViewController.swift in Sources */,
				9FCA923E1E21F4EA00B6CA4B /* AppDelegate.swift in Sources */,
				9FC905661E21F5B800F992BD /* Family.swift in Sources */,
			);
			runOnlyForDeploymentPostprocessing = 0;
		};
		9FCA924D1E21F4F600B6CA4B /* Sources */ = {
			isa = PBXSourcesBuildPhase;
			buildActionMask = 2147483647;
			files = (
				9FCA92561E21F4F700B6CA4B /* ViewController.swift in Sources */,
				9FCA92541E21F4F700B6CA4B /* AppDelegate.swift in Sources */,
				9FC9056A1E21F5C300F992BD /* Family.swift in Sources */,
			);
			runOnlyForDeploymentPostprocessing = 0;
		};
/* End PBXSourcesBuildPhase section */

/* Begin PBXVariantGroup section */
		9FCA92411E21F4EA00B6CA4B /* Main.storyboard */ = {
			isa = PBXVariantGroup;
			children = (
				9FCA92421E21F4EA00B6CA4B /* Base */,
			);
			name = Main.storyboard;
			sourceTree = "<group>";
		};
		9FCA92461E21F4EA00B6CA4B /* LaunchScreen.storyboard */ = {
			isa = PBXVariantGroup;
			children = (
				9FCA92471E21F4EA00B6CA4B /* Base */,
			);
			name = LaunchScreen.storyboard;
			sourceTree = "<group>";
		};
		9FCA92591E21F4F700B6CA4B /* Main.storyboard */ = {
			isa = PBXVariantGroup;
			children = (
				9FCA925A1E21F4F700B6CA4B /* Base */,
			);
			name = Main.storyboard;
			sourceTree = "<group>";
		};
/* End PBXVariantGroup section */

/* Begin XCBuildConfiguration section */
		9FCA92321E21F4DB00B6CA4B /* Debug */ = {
			isa = XCBuildConfiguration;
			buildSettings = {
				ALWAYS_SEARCH_USER_PATHS = NO;
				CLANG_ANALYZER_NONNULL = YES;
				CLANG_CXX_LANGUAGE_STANDARD = "gnu++0x";
				CLANG_CXX_LIBRARY = "libc++";
				CLANG_ENABLE_MODULES = YES;
				CLANG_ENABLE_OBJC_ARC = YES;
				CLANG_WARN_BOOL_CONVERSION = YES;
				CLANG_WARN_CONSTANT_CONVERSION = YES;
				CLANG_WARN_DIRECT_OBJC_ISA_USAGE = YES_ERROR;
				CLANG_WARN_DOCUMENTATION_COMMENTS = YES;
				CLANG_WARN_EMPTY_BODY = YES;
				CLANG_WARN_ENUM_CONVERSION = YES;
				CLANG_WARN_INFINITE_RECURSION = YES;
				CLANG_WARN_INT_CONVERSION = YES;
				CLANG_WARN_OBJC_ROOT_CLASS = YES_ERROR;
				CLANG_WARN_SUSPICIOUS_MOVE = YES;
				CLANG_WARN_UNREACHABLE_CODE = YES;
				CLANG_WARN__DUPLICATE_METHOD_MATCH = YES;
				"CODE_SIGN_IDENTITY[sdk=iphoneos*]" = "iPhone Developer";
				COPY_PHASE_STRIP = NO;
				DEBUG_INFORMATION_FORMAT = dwarf;
				ENABLE_STRICT_OBJC_MSGSEND = YES;
				ENABLE_TESTABILITY = YES;
				GCC_C_LANGUAGE_STANDARD = gnu99;
				GCC_DYNAMIC_NO_PIC = NO;
				GCC_NO_COMMON_BLOCKS = YES;
				GCC_OPTIMIZATION_LEVEL = 0;
				GCC_PREPROCESSOR_DEFINITIONS = (
					"DEBUG=1",
					"$(inherited)",
				);
				GCC_WARN_64_TO_32_BIT_CONVERSION = YES;
				GCC_WARN_ABOUT_RETURN_TYPE = YES_ERROR;
				GCC_WARN_UNDECLARED_SELECTOR = YES;
				GCC_WARN_UNINITIALIZED_AUTOS = YES_AGGRESSIVE;
				GCC_WARN_UNUSED_FUNCTION = YES;
				GCC_WARN_UNUSED_VARIABLE = YES;
				IPHONEOS_DEPLOYMENT_TARGET = 9.0;
				MTL_ENABLE_DEBUG_INFO = YES;
				ONLY_ACTIVE_ARCH = YES;
				SDKROOT = iphoneos;
				SWIFT_ACTIVE_COMPILATION_CONDITIONS = DEBUG;
				SWIFT_OPTIMIZATION_LEVEL = "-Onone";
				TARGETED_DEVICE_FAMILY = "1,2";
			};
			name = Debug;
		};
		9FCA92331E21F4DB00B6CA4B /* Release */ = {
			isa = XCBuildConfiguration;
			buildSettings = {
				ALWAYS_SEARCH_USER_PATHS = NO;
				CLANG_ANALYZER_NONNULL = YES;
				CLANG_CXX_LANGUAGE_STANDARD = "gnu++0x";
				CLANG_CXX_LIBRARY = "libc++";
				CLANG_ENABLE_MODULES = YES;
				CLANG_ENABLE_OBJC_ARC = YES;
				CLANG_WARN_BOOL_CONVERSION = YES;
				CLANG_WARN_CONSTANT_CONVERSION = YES;
				CLANG_WARN_DIRECT_OBJC_ISA_USAGE = YES_ERROR;
				CLANG_WARN_DOCUMENTATION_COMMENTS = YES;
				CLANG_WARN_EMPTY_BODY = YES;
				CLANG_WARN_ENUM_CONVERSION = YES;
				CLANG_WARN_INFINITE_RECURSION = YES;
				CLANG_WARN_INT_CONVERSION = YES;
				CLANG_WARN_OBJC_ROOT_CLASS = YES_ERROR;
				CLANG_WARN_SUSPICIOUS_MOVE = YES;
				CLANG_WARN_UNREACHABLE_CODE = YES;
				CLANG_WARN__DUPLICATE_METHOD_MATCH = YES;
				"CODE_SIGN_IDENTITY[sdk=iphoneos*]" = "iPhone Developer";
				COPY_PHASE_STRIP = NO;
				DEBUG_INFORMATION_FORMAT = "dwarf-with-dsym";
				ENABLE_NS_ASSERTIONS = NO;
				ENABLE_STRICT_OBJC_MSGSEND = YES;
				GCC_C_LANGUAGE_STANDARD = gnu99;
				GCC_NO_COMMON_BLOCKS = YES;
				GCC_WARN_64_TO_32_BIT_CONVERSION = YES;
				GCC_WARN_ABOUT_RETURN_TYPE = YES_ERROR;
				GCC_WARN_UNDECLARED_SELECTOR = YES;
				GCC_WARN_UNINITIALIZED_AUTOS = YES_AGGRESSIVE;
				GCC_WARN_UNUSED_FUNCTION = YES;
				GCC_WARN_UNUSED_VARIABLE = YES;
				IPHONEOS_DEPLOYMENT_TARGET = 9.0;
				MTL_ENABLE_DEBUG_INFO = NO;
				SDKROOT = iphoneos;
				SWIFT_OPTIMIZATION_LEVEL = "-Owholemodule";
				TARGETED_DEVICE_FAMILY = "1,2";
				VALIDATE_PRODUCT = YES;
			};
			name = Release;
		};
		9FCA924B1E21F4EA00B6CA4B /* Debug */ = {
			isa = XCBuildConfiguration;
			buildSettings = {
				ASSETCATALOG_COMPILER_APPICON_NAME = AppIcon;
				DEVELOPMENT_TEAM = Y9Y96CV7VP;
				INFOPLIST_FILE = "FamilyDemo-iOS/Info.plist";
				LD_RUNPATH_SEARCH_PATHS = "$(inherited) @executable_path/Frameworks";
				PRODUCT_BUNDLE_IDENTIFIER = "self.edu.FamilyDemo-iOS";
				PRODUCT_NAME = "$(TARGET_NAME)";
				SWIFT_VERSION = 3.0;
			};
			name = Debug;
		};
		9FCA924C1E21F4EA00B6CA4B /* Release */ = {
			isa = XCBuildConfiguration;
			buildSettings = {
				ASSETCATALOG_COMPILER_APPICON_NAME = AppIcon;
				DEVELOPMENT_TEAM = Y9Y96CV7VP;
				INFOPLIST_FILE = "FamilyDemo-iOS/Info.plist";
				LD_RUNPATH_SEARCH_PATHS = "$(inherited) @executable_path/Frameworks";
				PRODUCT_BUNDLE_IDENTIFIER = "self.edu.FamilyDemo-iOS";
				PRODUCT_NAME = "$(TARGET_NAME)";
				SWIFT_VERSION = 3.0;
			};
			name = Release;
		};
		9FCA925E1E21F4F700B6CA4B /* Debug */ = {
			isa = XCBuildConfiguration;
			buildSettings = {
				ASSETCATALOG_COMPILER_APPICON_NAME = AppIcon;
				CODE_SIGN_IDENTITY = "-";
				COMBINE_HIDPI_IMAGES = YES;
				INFOPLIST_FILE = "FamilyDemo-Mac/Info.plist";
				LD_RUNPATH_SEARCH_PATHS = "$(inherited) @executable_path/../Frameworks";
				MACOSX_DEPLOYMENT_TARGET = 10.12;
				PRODUCT_BUNDLE_IDENTIFIER = "self.edu.FamilyDemo-Mac";
				PRODUCT_NAME = "$(TARGET_NAME)";
				SDKROOT = macosx;
				SWIFT_VERSION = 3.0;
			};
			name = Debug;
		};
		9FCA925F1E21F4F700B6CA4B /* Release */ = {
			isa = XCBuildConfiguration;
			buildSettings = {
				ASSETCATALOG_COMPILER_APPICON_NAME = AppIcon;
				CODE_SIGN_IDENTITY = "-";
				COMBINE_HIDPI_IMAGES = YES;
				INFOPLIST_FILE = "FamilyDemo-Mac/Info.plist";
				LD_RUNPATH_SEARCH_PATHS = "$(inherited) @executable_path/../Frameworks";
				MACOSX_DEPLOYMENT_TARGET = 10.12;
				PRODUCT_BUNDLE_IDENTIFIER = "self.edu.FamilyDemo-Mac";
				PRODUCT_NAME = "$(TARGET_NAME)";
				SDKROOT = macosx;
				SWIFT_VERSION = 3.0;
			};
			name = Release;
		};
/* End XCBuildConfiguration section */

/* Begin XCConfigurationList section */
		9FCA921D1E21F4DA00B6CA4B /* Build configuration list for PBXProject "FamilyDemo" */ = {
			isa = XCConfigurationList;
			buildConfigurations = (
				9FCA92321E21F4DB00B6CA4B /* Debug */,
				9FCA92331E21F4DB00B6CA4B /* Release */,
			);
			defaultConfigurationIsVisible = 0;
			defaultConfigurationName = Release;
		};
		9FCA924A1E21F4EA00B6CA4B /* Build configuration list for PBXNativeTarget "FamilyDemo-iOS" */ = {
			isa = XCConfigurationList;
			buildConfigurations = (
				9FCA924B1E21F4EA00B6CA4B /* Debug */,
				9FCA924C1E21F4EA00B6CA4B /* Release */,
			);
			defaultConfigurationIsVisible = 0;
			defaultConfigurationName = Release;
		};
		9FCA925D1E21F4F700B6CA4B /* Build configuration list for PBXNativeTarget "FamilyDemo-Mac" */ = {
			isa = XCConfigurationList;
			buildConfigurations = (
				9FCA925E1E21F4F700B6CA4B /* Debug */,
				9FCA925F1E21F4F700B6CA4B /* Release */,
			);
			defaultConfigurationIsVisible = 0;
			defaultConfigurationName = Release;
		};
/* End XCConfigurationList section */
	};
	rootObject = 9FCA921A1E21F4DA00B6CA4B /* Project object */;
}
