// !$*UTF8*$!
{
	archiveVersion = 1;
	classes = {
	};
	objectVersion = 46;
	objects = {

/* Begin PBXBuildFile section */
		9F2225561E0BC05D00F781BF /* AppDelegate.swift in Sources */ = {isa = PBXBuildFile; fileRef = 9F2225551E0BC05D00F781BF /* AppDelegate.swift */; };
		9F2225581E0BC05D00F781BF /* ViewController.swift in Sources */ = {isa = PBXBuildFile; fileRef = 9F2225571E0BC05D00F781BF /* ViewController.swift */; };
		9F22255B1E0BC05D00F781BF /* Main.storyboard in Resources */ = {isa = PBXBuildFile; fileRef = 9F2225591E0BC05D00F781BF /* Main.storyboard */; };
		9F22255D1E0BC05D00F781BF /* Assets.xcassets in Resources */ = {isa = PBXBuildFile; fileRef = 9F22255C1E0BC05D00F781BF /* Assets.xcassets */; };
		9F2225601E0BC05D00F781BF /* LaunchScreen.storyboard in Resources */ = {isa = PBXBuildFile; fileRef = 9F22255E1E0BC05D00F781BF /* LaunchScreen.storyboard */; };
		9F6DFD371E0BC083006FE6C3 /* Family.storyboard in Resources */ = {isa = PBXBuildFile; fileRef = 9F6DFD341E0BC083006FE6C3 /* Family.storyboard */; };
		9F6DFD381E0BC083006FE6C3 /* Family.swift in Sources */ = {isa = PBXBuildFile; fileRef = 9F6DFD351E0BC083006FE6C3 /* Family.swift */; };
		9F6DFD391E0BC083006FE6C3 /* InviteTableViewController.swift in Sources */ = {isa = PBXBuildFile; fileRef = 9F6DFD361E0BC083006FE6C3 /* InviteTableViewController.swift */; };
/* End PBXBuildFile section */

/* Begin PBXFileReference section */
		9F2225521E0BC05D00F781BF /* FamilyDemo-iOS.app */ = {isa = PBXFileReference; explicitFileType = wrapper.application; includeInIndex = 0; path = "FamilyDemo-iOS.app"; sourceTree = BUILT_PRODUCTS_DIR; };
		9F2225551E0BC05D00F781BF /* AppDelegate.swift */ = {isa = PBXFileReference; lastKnownFileType = sourcecode.swift; path = AppDelegate.swift; sourceTree = "<group>"; };
		9F2225571E0BC05D00F781BF /* ViewController.swift */ = {isa = PBXFileReference; lastKnownFileType = sourcecode.swift; path = ViewController.swift; sourceTree = "<group>"; };
		9F22255A1E0BC05D00F781BF /* Base */ = {isa = PBXFileReference; lastKnownFileType = file.storyboard; name = Base; path = Base.lproj/Main.storyboard; sourceTree = "<group>"; };
		9F22255C1E0BC05D00F781BF /* Assets.xcassets */ = {isa = PBXFileReference; lastKnownFileType = folder.assetcatalog; path = Assets.xcassets; sourceTree = "<group>"; };
		9F22255F1E0BC05D00F781BF /* Base */ = {isa = PBXFileReference; lastKnownFileType = file.storyboard; name = Base; path = Base.lproj/LaunchScreen.storyboard; sourceTree = "<group>"; };
		9F2225611E0BC05D00F781BF /* Info.plist */ = {isa = PBXFileReference; lastKnownFileType = text.plist.xml; path = Info.plist; sourceTree = "<group>"; };
		9F6DFD341E0BC083006FE6C3 /* Family.storyboard */ = {isa = PBXFileReference; fileEncoding = 4; lastKnownFileType = file.storyboard; path = Family.storyboard; sourceTree = "<group>"; };
		9F6DFD351E0BC083006FE6C3 /* Family.swift */ = {isa = PBXFileReference; fileEncoding = 4; lastKnownFileType = sourcecode.swift; path = Family.swift; sourceTree = "<group>"; };
		9F6DFD361E0BC083006FE6C3 /* InviteTableViewController.swift */ = {isa = PBXFileReference; fileEncoding = 4; lastKnownFileType = sourcecode.swift; path = InviteTableViewController.swift; sourceTree = "<group>"; };
/* End PBXFileReference section */

/* Begin PBXFrameworksBuildPhase section */
		9F22254F1E0BC05D00F781BF /* Frameworks */ = {
			isa = PBXFrameworksBuildPhase;
			buildActionMask = 2147483647;
			files = (
			);
			runOnlyForDeploymentPostprocessing = 0;
		};
/* End PBXFrameworksBuildPhase section */

/* Begin PBXGroup section */
		9F2225491E0BC05D00F781BF = {
			isa = PBXGroup;
			children = (
				9F6DFD331E0BC083006FE6C3 /* Family */,
				9F2225541E0BC05D00F781BF /* FamilyDemo-iOS */,
				9F2225531E0BC05D00F781BF /* Products */,
			);
			sourceTree = "<group>";
		};
		9F2225531E0BC05D00F781BF /* Products */ = {
			isa = PBXGroup;
			children = (
				9F2225521E0BC05D00F781BF /* FamilyDemo-iOS.app */,
			);
			name = Products;
			sourceTree = "<group>";
		};
		9F2225541E0BC05D00F781BF /* FamilyDemo-iOS */ = {
			isa = PBXGroup;
			children = (
				9F2225551E0BC05D00F781BF /* AppDelegate.swift */,
				9F2225571E0BC05D00F781BF /* ViewController.swift */,
				9F2225591E0BC05D00F781BF /* Main.storyboard */,
				9F22255C1E0BC05D00F781BF /* Assets.xcassets */,
				9F22255E1E0BC05D00F781BF /* LaunchScreen.storyboard */,
				9F2225611E0BC05D00F781BF /* Info.plist */,
			);
			path = "FamilyDemo-iOS";
			sourceTree = "<group>";
		};
		9F6DFD331E0BC083006FE6C3 /* Family */ = {
			isa = PBXGroup;
			children = (
				9F6DFD341E0BC083006FE6C3 /* Family.storyboard */,
				9F6DFD351E0BC083006FE6C3 /* Family.swift */,
				9F6DFD361E0BC083006FE6C3 /* InviteTableViewController.swift */,
			);
			name = Family;
			path = "FamilyDemo-iOS/Family";
			sourceTree = "<group>";
		};
/* End PBXGroup section */

/* Begin PBXNativeTarget section */
		9F2225511E0BC05D00F781BF /* FamilyDemo-iOS */ = {
			isa = PBXNativeTarget;
			buildConfigurationList = 9F2225641E0BC05D00F781BF /* Build configuration list for PBXNativeTarget "FamilyDemo-iOS" */;
			buildPhases = (
				9F22254E1E0BC05D00F781BF /* Sources */,
				9F22254F1E0BC05D00F781BF /* Frameworks */,
				9F2225501E0BC05D00F781BF /* Resources */,
			);
			buildRules = (
			);
			dependencies = (
			);
			name = "FamilyDemo-iOS";
			productName = "FamilyDemo-iOS";
			productReference = 9F2225521E0BC05D00F781BF /* FamilyDemo-iOS.app */;
			productType = "com.apple.product-type.application";
		};
/* End PBXNativeTarget section */

/* Begin PBXProject section */
		9F22254A1E0BC05D00F781BF /* Project object */ = {
			isa = PBXProject;
			attributes = {
				LastSwiftUpdateCheck = 0820;
				LastUpgradeCheck = 0820;
				ORGANIZATIONNAME = Kiran;
				TargetAttributes = {
					9F2225511E0BC05D00F781BF = {
						CreatedOnToolsVersion = 8.2;
						DevelopmentTeam = Y9Y96CV7VP;
						ProvisioningStyle = Automatic;
					};
				};
			};
			buildConfigurationList = 9F22254D1E0BC05D00F781BF /* Build configuration list for PBXProject "FamilyDemo-iOS" */;
			compatibilityVersion = "Xcode 3.2";
			developmentRegion = English;
			hasScannedForEncodings = 0;
			knownRegions = (
				en,
				Base,
			);
			mainGroup = 9F2225491E0BC05D00F781BF;
			productRefGroup = 9F2225531E0BC05D00F781BF /* Products */;
			projectDirPath = "";
			projectRoot = "";
			targets = (
				9F2225511E0BC05D00F781BF /* FamilyDemo-iOS */,
			);
		};
/* End PBXProject section */

/* Begin PBXResourcesBuildPhase section */
		9F2225501E0BC05D00F781BF /* Resources */ = {
			isa = PBXResourcesBuildPhase;
			buildActionMask = 2147483647;
			files = (
				9F2225601E0BC05D00F781BF /* LaunchScreen.storyboard in Resources */,
				9F22255D1E0BC05D00F781BF /* Assets.xcassets in Resources */,
				9F6DFD371E0BC083006FE6C3 /* Family.storyboard in Resources */,
				9F22255B1E0BC05D00F781BF /* Main.storyboard in Resources */,
			);
			runOnlyForDeploymentPostprocessing = 0;
		};
/* End PBXResourcesBuildPhase section */

/* Begin PBXSourcesBuildPhase section */
		9F22254E1E0BC05D00F781BF /* Sources */ = {
			isa = PBXSourcesBuildPhase;
			buildActionMask = 2147483647;
			files = (
				9F6DFD391E0BC083006FE6C3 /* InviteTableViewController.swift in Sources */,
				9F2225581E0BC05D00F781BF /* ViewController.swift in Sources */,
				9F2225561E0BC05D00F781BF /* AppDelegate.swift in Sources */,
				9F6DFD381E0BC083006FE6C3 /* Family.swift in Sources */,
			);
			runOnlyForDeploymentPostprocessing = 0;
		};
/* End PBXSourcesBuildPhase section */

/* Begin PBXVariantGroup section */
		9F2225591E0BC05D00F781BF /* Main.storyboard */ = {
			isa = PBXVariantGroup;
			children = (
				9F22255A1E0BC05D00F781BF /* Base */,
			);
			name = Main.storyboard;
			sourceTree = "<group>";
		};
		9F22255E1E0BC05D00F781BF /* LaunchScreen.storyboard */ = {
			isa = PBXVariantGroup;
			children = (
				9F22255F1E0BC05D00F781BF /* Base */,
			);
			name = LaunchScreen.storyboard;
			sourceTree = "<group>";
		};
/* End PBXVariantGroup section */

/* Begin XCBuildConfiguration section */
		9F2225621E0BC05D00F781BF /* Debug */ = {
			isa = XCBuildConfiguration;
			buildSettings = {
				ALWAYS_SEARCH_USER_PATHS = NO;
				CLANG_ANALYZER_NONNULL = YES;
				CLANG_CXX_LANGUAGE_STANDARD = "gnu++0x";
				CLANG_CXX_LIBRARY = "libc++";
				CLANG_ENABLE_MODULES = YES;
				CLANG_ENABLE_OBJC_ARC = YES;
				CLANG_WARN_BOOL_CONVERSION = YES;
				CLANG_WARN_CONSTANT_CONVERSION = YES;
				CLANG_WARN_DIRECT_OBJC_ISA_USAGE = YES_ERROR;
				CLANG_WARN_DOCUMENTATION_COMMENTS = YES;
				CLANG_WARN_EMPTY_BODY = YES;
				CLANG_WARN_ENUM_CONVERSION = YES;
				CLANG_WARN_INFINITE_RECURSION = YES;
				CLANG_WARN_INT_CONVERSION = YES;
				CLANG_WARN_OBJC_ROOT_CLASS = YES_ERROR;
				CLANG_WARN_SUSPICIOUS_MOVE = YES;
				CLANG_WARN_UNREACHABLE_CODE = YES;
				CLANG_WARN__DUPLICATE_METHOD_MATCH = YES;
				"CODE_SIGN_IDENTITY[sdk=iphoneos*]" = "iPhone Developer";
				COPY_PHASE_STRIP = NO;
				DEBUG_INFORMATION_FORMAT = dwarf;
				ENABLE_STRICT_OBJC_MSGSEND = YES;
				ENABLE_TESTABILITY = YES;
				GCC_C_LANGUAGE_STANDARD = gnu99;
				GCC_DYNAMIC_NO_PIC = NO;
				GCC_NO_COMMON_BLOCKS = YES;
				GCC_OPTIMIZATION_LEVEL = 0;
				GCC_PREPROCESSOR_DEFINITIONS = (
					"DEBUG=1",
					"$(inherited)",
				);
				GCC_WARN_64_TO_32_BIT_CONVERSION = YES;
				GCC_WARN_ABOUT_RETURN_TYPE = YES_ERROR;
				GCC_WARN_UNDECLARED_SELECTOR = YES;
				GCC_WARN_UNINITIALIZED_AUTOS = YES_AGGRESSIVE;
				GCC_WARN_UNUSED_FUNCTION = YES;
				GCC_WARN_UNUSED_VARIABLE = YES;
				IPHONEOS_DEPLOYMENT_TARGET = 10.2;
				MTL_ENABLE_DEBUG_INFO = YES;
				ONLY_ACTIVE_ARCH = YES;
				SDKROOT = iphoneos;
				SWIFT_ACTIVE_COMPILATION_CONDITIONS = DEBUG;
				SWIFT_OPTIMIZATION_LEVEL = "-Onone";
				TARGETED_DEVICE_FAMILY = "1,2";
			};
			name = Debug;
		};
		9F2225631E0BC05D00F781BF /* Release */ = {
			isa = XCBuildConfiguration;
			buildSettings = {
				ALWAYS_SEARCH_USER_PATHS = NO;
				CLANG_ANALYZER_NONNULL = YES;
				CLANG_CXX_LANGUAGE_STANDARD = "gnu++0x";
				CLANG_CXX_LIBRARY = "libc++";
				CLANG_ENABLE_MODULES = YES;
				CLANG_ENABLE_OBJC_ARC = YES;
				CLANG_WARN_BOOL_CONVERSION = YES;
				CLANG_WARN_CONSTANT_CONVERSION = YES;
				CLANG_WARN_DIRECT_OBJC_ISA_USAGE = YES_ERROR;
				CLANG_WARN_DOCUMENTATION_COMMENTS = YES;
				CLANG_WARN_EMPTY_BODY = YES;
				CLANG_WARN_ENUM_CONVERSION = YES;
				CLANG_WARN_INFINITE_RECURSION = YES;
				CLANG_WARN_INT_CONVERSION = YES;
				CLANG_WARN_OBJC_ROOT_CLASS = YES_ERROR;
				CLANG_WARN_SUSPICIOUS_MOVE = YES;
				CLANG_WARN_UNREACHABLE_CODE = YES;
				CLANG_WARN__DUPLICATE_METHOD_MATCH = YES;
				"CODE_SIGN_IDENTITY[sdk=iphoneos*]" = "iPhone Developer";
				COPY_PHASE_STRIP = NO;
				DEBUG_INFORMATION_FORMAT = "dwarf-with-dsym";
				ENABLE_NS_ASSERTIONS = NO;
				ENABLE_STRICT_OBJC_MSGSEND = YES;
				GCC_C_LANGUAGE_STANDARD = gnu99;
				GCC_NO_COMMON_BLOCKS = YES;
				GCC_WARN_64_TO_32_BIT_CONVERSION = YES;
				GCC_WARN_ABOUT_RETURN_TYPE = YES_ERROR;
				GCC_WARN_UNDECLARED_SELECTOR = YES;
				GCC_WARN_UNINITIALIZED_AUTOS = YES_AGGRESSIVE;
				GCC_WARN_UNUSED_FUNCTION = YES;
				GCC_WARN_UNUSED_VARIABLE = YES;
				IPHONEOS_DEPLOYMENT_TARGET = 10.2;
				MTL_ENABLE_DEBUG_INFO = NO;
				SDKROOT = iphoneos;
				SWIFT_OPTIMIZATION_LEVEL = "-Owholemodule";
				TARGETED_DEVICE_FAMILY = "1,2";
				VALIDATE_PRODUCT = YES;
			};
			name = Release;
		};
		9F2225651E0BC05D00F781BF /* Debug */ = {
			isa = XCBuildConfiguration;
			buildSettings = {
				ASSETCATALOG_COMPILER_APPICON_NAME = AppIcon;
				DEVELOPMENT_TEAM = Y9Y96CV7VP;
				INFOPLIST_FILE = "FamilyDemo-iOS/Info.plist";
				IPHONEOS_DEPLOYMENT_TARGET = 9.0;
				LD_RUNPATH_SEARCH_PATHS = "$(inherited) @executable_path/Frameworks";
				PRODUCT_BUNDLE_IDENTIFIER = "self.edu.FamilyDemo-iOS";
				PRODUCT_NAME = "$(TARGET_NAME)";
				SWIFT_VERSION = 3.0;
			};
			name = Debug;
		};
		9F2225661E0BC05D00F781BF /* Release */ = {
			isa = XCBuildConfiguration;
			buildSettings = {
				ASSETCATALOG_COMPILER_APPICON_NAME = AppIcon;
				DEVELOPMENT_TEAM = Y9Y96CV7VP;
				INFOPLIST_FILE = "FamilyDemo-iOS/Info.plist";
				IPHONEOS_DEPLOYMENT_TARGET = 9.0;
				LD_RUNPATH_SEARCH_PATHS = "$(inherited) @executable_path/Frameworks";
				PRODUCT_BUNDLE_IDENTIFIER = "self.edu.FamilyDemo-iOS";
				PRODUCT_NAME = "$(TARGET_NAME)";
				SWIFT_VERSION = 3.0;
			};
			name = Release;
		};
/* End XCBuildConfiguration section */

/* Begin XCConfigurationList section */
		9F22254D1E0BC05D00F781BF /* Build configuration list for PBXProject "FamilyDemo-iOS" */ = {
			isa = XCConfigurationList;
			buildConfigurations = (
				9F2225621E0BC05D00F781BF /* Debug */,
				9F2225631E0BC05D00F781BF /* Release */,
			);
			defaultConfigurationIsVisible = 0;
			defaultConfigurationName = Release;
		};
		9F2225641E0BC05D00F781BF /* Build configuration list for PBXNativeTarget "FamilyDemo-iOS" */ = {
			isa = XCConfigurationList;
			buildConfigurations = (
				9F2225651E0BC05D00F781BF /* Debug */,
				9F2225661E0BC05D00F781BF /* Release */,
			);
			defaultConfigurationIsVisible = 0;
			defaultConfigurationName = Release;
		};
/* End XCConfigurationList section */
	};
	rootObject = 9F22254A1E0BC05D00F781BF /* Project object */;
}
